<?xml version="1.0" encoding="utf-8"?>
<Project ToolsVersion="4.0" xmlns="http://schemas.microsoft.com/developer/msbuild/2003">
  <ItemGroup>
    <Filter Include="Исходные файлы">
      <UniqueIdentifier>{4FC737F1-C7A5-4376-A066-2A32D752A2FF}</UniqueIdentifier>
      <Extensions>cpp;c;cc;cxx;c++;cppm;ixx;def;odl;idl;hpj;bat;asm;asmx</Extensions>
    </Filter>
    <Filter Include="Файлы заголовков">
      <UniqueIdentifier>{93995380-89BD-4b04-88EB-625FBE52EBFB}</UniqueIdentifier>
      <Extensions>h;hh;hpp;hxx;h++;hm;inl;inc;ipp;xsd</Extensions>
    </Filter>
    <Filter Include="Файлы ресурсов">
      <UniqueIdentifier>{67DA6AB6-F800-4c08-8B7A-83BB121AAD01}</UniqueIdentifier>
      <Extensions>rc;ico;cur;bmp;dlg;rc2;rct;bin;rgs;gif;jpg;jpeg;jpe;resx;tiff;tif;png;wav;mfcribbon-ms</Extensions>
    </Filter>
    <Filter Include="Исходные файлы\CH341.api">
      <UniqueIdentifier>{e7b8f4a4-03ef-4f57-b07b-289d04713257}</UniqueIdentifier>
    </Filter>
    <Filter Include="Исходные файлы\LT3582">
      <UniqueIdentifier>{04ffad1c-8606-4653-b8bc-710b72a15ae7}</UniqueIdentifier>
    </Filter>
  </ItemGroup>
  <ItemGroup>
    <ClCompile Include="..\ch341a.cpp">
      <Filter>Исходные файлы</Filter>
    </ClCompile>
    <ClCompile Include="..\main.cpp">
      <Filter>Исходные файлы</Filter>
    </ClCompile>
    <ClCompile Include="..\Helper.cpp">
      <Filter>Исходные файлы</Filter>
    </ClCompile>
    <ClCompile Include="..\Options.cpp">
      <Filter>Исходные файлы</Filter>
    </ClCompile>
    <ClCompile Include="..\CH341.api\EXAM.C">
      <Filter>Исходные файлы\CH341.api</Filter>
    </ClCompile>
    <ClCompile Include="..\LT3582.cpp">
      <Filter>Исходные файлы\LT3582</Filter>
    </ClCompile>
  </ItemGroup>
  <ItemGroup>
    <ClInclude Include="..\ch341a.h">
      <Filter>Исходные файлы</Filter>
    </ClInclude>
    <ClInclude Include="..\CH341.api\CH341DLL.H">
      <Filter>Файлы заголовков</Filter>
    </ClInclude>
    <ClInclude Include="..\Helper.h">
      <Filter>Исходные файлы</Filter>
    </ClInclude>
    <ClInclude Include="..\Options.h">
      <Filter>Исходные файлы</Filter>
    </ClInclude>
    <ClInclude Include="..\CH341.api\EXAM.h">
      <Filter>Исходные файлы\CH341.api</Filter>
    </ClInclude>
    <ClInclude Include="..\CH341.api\prg_error.h">
      <Filter>Исходные файлы</Filter>
    </ClInclude>
    <ClInclude Include="..\LT3582.h">
      <Filter>Исходные файлы\LT3582</Filter>
    </ClInclude>
  </ItemGroup>
</Project>